
Microsoft Visual Studio Solution File, Format Version 12.00
# Visual Studio Version 17
VisualStudioVersion = 17.4.33110.190
MinimumVisualStudioVersion = 10.0.40219.1
Project("{FAE04EC0-301F-11D3-BF4B-00C04F79EFBC}") = "01_ThreadWork", "ThreadWork\01_ThreadWork.csproj", "{C4B529D3-C5DF-4FE5-AA33-EB39338A13E1}"
EndProject
Project("{FAE04EC0-301F-11D3-BF4B-00C04F79EFBC}") = "Example", "Example\Example.csproj", "{7593875E-5183-4175-8E4A-0C4CECF01DA6}"
EndProject
Project("{FAE04EC0-301F-11D3-BF4B-00C04F79EFBC}") = "02_ThreadPoolWork", "ThreadPoolWork\02_ThreadPoolWork.csproj", "{89108B85-C48E-4A14-9E20-53B169B725A7}"
EndProject
Project("{FAE04EC0-301F-11D3-BF4B-00C04F79EFBC}") = "Example_Net_4.8", "Example_Net_4.8\Example_Net_4.8.csproj", "{168AE03B-8540-4BED-9AFB-6EA13DE50CE4}"
EndProject
Project("{FAE04EC0-301F-11D3-BF4B-00C04F79EFBC}") = "03_AsynchronousWork_NET_48", "AsynchronousWork_NET_48\03_AsynchronousWork_NET_48.csproj", "{ED321114-A83A-415D-8407-2D87A9249F7E}"
EndProject
Project("{FAE04EC0-301F-11D3-BF4B-00C04F79EFBC}") = "04_AsyncAwaitWork", "AsyncAwaitWork\04_AsyncAwaitWork.csproj", "{847F004B-A2FE-4337-A78D-788A384DEE03}"
EndProject
Project("{FAE04EC0-301F-11D3-BF4B-00C04F79EFBC}") = "ExampleAsyncAwait", "ExampleAsyncAwait\ExampleAsyncAwait.csproj", "{7E0B9552-0D62-48B7-BEBC-48A2A5EBDC00}"
EndProject
Global
	GlobalSection(SolutionConfigurationPlatforms) = preSolution
		Debug|Any CPU = Debug|Any CPU
		Release|Any CPU = Release|Any CPU
	EndGlobalSection
	GlobalSection(ProjectConfigurationPlatforms) = postSolution
		{C4B529D3-C5DF-4FE5-AA33-EB39338A13E1}.Debug|Any CPU.ActiveCfg = Debug|Any CPU
		{C4B529D3-C5DF-4FE5-AA33-EB39338A13E1}.Debug|Any CPU.Build.0 = Debug|Any CPU
		{C4B529D3-C5DF-4FE5-AA33-EB39338A13E1}.Release|Any CPU.ActiveCfg = Release|Any CPU
		{C4B529D3-C5DF-4FE5-AA33-EB39338A13E1}.Release|Any CPU.Build.0 = Release|Any CPU
		{7593875E-5183-4175-8E4A-0C4CECF01DA6}.Debug|Any CPU.ActiveCfg = Debug|Any CPU
		{7593875E-5183-4175-8E4A-0C4CECF01DA6}.Debug|Any CPU.Build.0 = Debug|Any CPU
		{7593875E-5183-4175-8E4A-0C4CECF01DA6}.Release|Any CPU.ActiveCfg = Release|Any CPU
		{7593875E-5183-4175-8E4A-0C4CECF01DA6}.Release|Any CPU.Build.0 = Release|Any CPU
		{89108B85-C48E-4A14-9E20-53B169B725A7}.Debug|Any CPU.ActiveCfg = Debug|Any CPU
		{89108B85-C48E-4A14-9E20-53B169B725A7}.Debug|Any CPU.Build.0 = Debug|Any CPU
		{89108B85-C48E-4A14-9E20-53B169B725A7}.Release|Any CPU.ActiveCfg = Release|Any CPU
		{89108B85-C48E-4A14-9E20-53B169B725A7}.Release|Any CPU.Build.0 = Release|Any CPU
		{168AE03B-8540-4BED-9AFB-6EA13DE50CE4}.Debug|Any CPU.ActiveCfg = Debug|Any CPU
		{168AE03B-8540-4BED-9AFB-6EA13DE50CE4}.Debug|Any CPU.Build.0 = Debug|Any CPU
		{168AE03B-8540-4BED-9AFB-6EA13DE50CE4}.Release|Any CPU.ActiveCfg = Release|Any CPU
		{168AE03B-8540-4BED-9AFB-6EA13DE50CE4}.Release|Any CPU.Build.0 = Release|Any CPU
		{ED321114-A83A-415D-8407-2D87A9249F7E}.Debug|Any CPU.ActiveCfg = Debug|Any CPU
		{ED321114-A83A-415D-8407-2D87A9249F7E}.Debug|Any CPU.Build.0 = Debug|Any CPU
		{ED321114-A83A-415D-8407-2D87A9249F7E}.Release|Any CPU.ActiveCfg = Release|Any CPU
		{ED321114-A83A-415D-8407-2D87A9249F7E}.Release|Any CPU.Build.0 = Release|Any CPU
		{847F004B-A2FE-4337-A78D-788A384DEE03}.Debug|Any CPU.ActiveCfg = Debug|Any CPU
		{847F004B-A2FE-4337-A78D-788A384DEE03}.Debug|Any CPU.Build.0 = Debug|Any CPU
		{847F004B-A2FE-4337-A78D-788A384DEE03}.Release|Any CPU.ActiveCfg = Release|Any CPU
		{847F004B-A2FE-4337-A78D-788A384DEE03}.Release|Any CPU.Build.0 = Release|Any CPU
		{7E0B9552-0D62-48B7-BEBC-48A2A5EBDC00}.Debug|Any CPU.ActiveCfg = Debug|Any CPU
		{7E0B9552-0D62-48B7-BEBC-48A2A5EBDC00}.Debug|Any CPU.Build.0 = Debug|Any CPU
		{7E0B9552-0D62-48B7-BEBC-48A2A5EBDC00}.Release|Any CPU.ActiveCfg = Release|Any CPU
		{7E0B9552-0D62-48B7-BEBC-48A2A5EBDC00}.Release|Any CPU.Build.0 = Release|Any CPU
	EndGlobalSection
	GlobalSection(SolutionProperties) = preSolution
		HideSolutionNode = FALSE
	EndGlobalSection
	GlobalSection(ExtensibilityGlobals) = postSolution
		SolutionGuid = {91809285-B19E-4305-B9A3-4A9BC2D8E0D1}
	EndGlobalSection
EndGlobal
